
Microsoft Visual Studio Solution File, Format Version 12.00
# Visual Studio Version 16
VisualStudioVersion = 16.0.31729.503
MinimumVisualStudioVersion = 10.0.40219.1
Project("{FAE04EC0-301F-11D3-BF4B-00C04F79EFBC}") = "keyvault-certsync", "keyvault-certsync.csproj", "{179D898D-1BE2-499C-8B36-AC9008B0F2E3}"
EndProject
Global
	GlobalSection(SolutionConfigurationPlatforms) = preSolution
		Debug|Any CPU = Debug|Any CPU
		Release|Any CPU = Release|Any CPU
	EndGlobalSection
	GlobalSection(ProjectConfigurationPlatforms) = postSolution
		{179D898D-1BE2-499C-8B36-AC9008B0F2E3}.Debug|Any CPU.ActiveCfg = Debug|Any CPU
		{179D898D-1BE2-499C-8B36-AC9008B0F2E3}.Debug|Any CPU.Build.0 = Debug|Any CPU
		{179D898D-1BE2-499C-8B36-AC9008B0F2E3}.Release|Any CPU.ActiveCfg = Release|Any CPU
		{179D898D-1BE2-499C-8B36-AC9008B0F2E3}.Release|Any CPU.Build.0 = Release|Any CPU
	EndGlobalSection
	GlobalSection(SolutionProperties) = preSolution
		HideSolutionNode = FALSE
	EndGlobalSection
	GlobalSection(ExtensibilityGlobals) = postSolution
		SolutionGuid = {FD08D7AD-9CCC-4D59-AF12-92099779D3EF}
	EndGlobalSection
EndGlobal
